Microsoft Visual Studio Solution File, Format Version 12.00
# Visual Studio Version 16
VisualStudioVersion = 16.0.28803.352
MinimumVisualStudioVersion = 10.0.40219.1
Project("{8BC9CEB8-8B4A-11D0-8D11-00A0C91BC942}") = "Game", "src\priston.vcxproj", "{07C4E7A3-1D3D-491E-84FE-9917FE9BAA4D}"
EndProject
Project("{2150E333-8FDC-42A3-9474-1A3956D46DE8}") = "Solution Items", "Solution Items", "{61A597F4-0312-4DBF-B434-B6BD51BC51F0}"
EndProject
Global
	GlobalSection(SolutionConfigurationPlatforms) = preSolution
		Debug|Win32 = Debug|Win32
		Release|Win32 = Release|Win32
	EndGlobalSection
	GlobalSection(ProjectConfigurationPlatforms) = postSolution
		{07C4E7A3-1D3D-491E-84FE-9917FE9BAA4D}.Debug|Win32.ActiveCfg = Debug|Win32
		{07C4E7A3-1D3D-491E-84FE-9917FE9BAA4D}.Debug|Win32.Build.0 = Debug|Win32
		{07C4E7A3-1D3D-491E-84FE-9917FE9BAA4D}.Release|Win32.ActiveCfg = Release|Win32
		{07C4E7A3-1D3D-491E-84FE-9917FE9BAA4D}.Release|Win32.Build.0 = Release|Win32
	EndGlobalSection
	GlobalSection(SolutionProperties) = preSolution
		HideSolutionNode = FALSE
	EndGlobalSection
	GlobalSection(ExtensibilityGlobals) = postSolution
		SolutionGuid = {2E071208-93A2-421E-ABB4-06E3C68CA1FC}
	EndGlobalSection
EndGlobal
